# This file is automatically @generated by Cargo.
# It is not intended for manual editing.
version = 3

[[package]]
name = "bitbit"
version = "0.2.0"
source = "registry+https://github.com/rust-lang/crates.io-index"
checksum = "341ee439c53e593fa7de26dead9515601539b6cf9a53e3368c1405471e3ea322"

[[package]]
name = "huffman-code"
version = "0.1.0"
dependencies = [
 "bitbit",
]
